// !$*UTF8*$!
{
	archiveVersion = 1;
	classes = {
	};
	objectVersion = 46;
	objects = {

/* Begin PBXBuildFile section */
		A16B37091877BE2F00A33BB0 /* Word.m in Sources */ = {isa = PBXBuildFile; fileRef = A16B37081877BE2F00A33BB0 /* Word.m */; };
		A1920044186820E000934DC1 /* Foundation.framework in Frameworks */ = {isa = PBXBuildFile; fileRef = A1920043186820E000934DC1 /* Foundation.framework */; };
		A1920046186820E000934DC1 /* CoreGraphics.framework in Frameworks */ = {isa = PBXBuildFile; fileRef = A1920045186820E000934DC1 /* CoreGraphics.framework */; };
		A1920048186820E000934DC1 /* UIKit.framework in Frameworks */ = {isa = PBXBuildFile; fileRef = A1920047186820E000934DC1 /* UIKit.framework */; };
		A192004E186820E000934DC1 /* InfoPlist.strings in Resources */ = {isa = PBXBuildFile; fileRef = A192004C186820E000934DC1 /* InfoPlist.strings */; };
		A1920050186820E000934DC1 /* main.m in Sources */ = {isa = PBXBuildFile; fileRef = A192004F186820E000934DC1 /* main.m */; };
		A1920054186820E000934DC1 /* DATAppDelegate.m in Sources */ = {isa = PBXBuildFile; fileRef = A1920053186820E000934DC1 /* DATAppDelegate.m */; };
		A1920057186820E000934DC1 /* Main.storyboard in Resources */ = {isa = PBXBuildFile; fileRef = A1920055186820E000934DC1 /* Main.storyboard */; };
		A192005C186820E000934DC1 /* Images.xcassets in Resources */ = {isa = PBXBuildFile; fileRef = A192005B186820E000934DC1 /* Images.xcassets */; };
		A1920063186820E000934DC1 /* XCTest.framework in Frameworks */ = {isa = PBXBuildFile; fileRef = A1920062186820E000934DC1 /* XCTest.framework */; };
		A1920064186820E000934DC1 /* Foundation.framework in Frameworks */ = {isa = PBXBuildFile; fileRef = A1920043186820E000934DC1 /* Foundation.framework */; };
		A1920065186820E000934DC1 /* UIKit.framework in Frameworks */ = {isa = PBXBuildFile; fileRef = A1920047186820E000934DC1 /* UIKit.framework */; };
		A192006D186820E000934DC1 /* InfoPlist.strings in Resources */ = {isa = PBXBuildFile; fileRef = A192006B186820E000934DC1 /* InfoPlist.strings */; };
		A192006F186820E000934DC1 /* DrawAnythingTests.m in Sources */ = {isa = PBXBuildFile; fileRef = A192006E186820E000934DC1 /* DrawAnythingTests.m */; };
		A192007B186972F100934DC1 /* Pen.m in Sources */ = {isa = PBXBuildFile; fileRef = A192007A186972F100934DC1 /* Pen.m */; };
		A192007E186973D500934DC1 /* Eraser.m in Sources */ = {isa = PBXBuildFile; fileRef = A192007D186973D500934DC1 /* Eraser.m */; };
		A192008118697C1900934DC1 /* GalleryViewController.m in Sources */ = {isa = PBXBuildFile; fileRef = A192008018697C1900934DC1 /* GalleryViewController.m */; };
		A192008418697C4A00934DC1 /* PlayerViewController.m in Sources */ = {isa = PBXBuildFile; fileRef = A192008318697C4A00934DC1 /* PlayerViewController.m */; };
		A192008718697CDF00934DC1 /* DrawingViewController.m in Sources */ = {isa = PBXBuildFile; fileRef = A192008618697CDF00934DC1 /* DrawingViewController.m */; };
		A192008918697EAD00934DC1 /* WordsLib.plist in Resources */ = {isa = PBXBuildFile; fileRef = A192008818697EAD00934DC1 /* WordsLib.plist */; };
		A192008C18697F6F00934DC1 /* DrawingRecord.m in Sources */ = {isa = PBXBuildFile; fileRef = A192008B18697F6F00934DC1 /* DrawingRecord.m */; };
		A1A5B1D21875437900AB2E26 /* Model.xcdatamodeld in Sources */ = {isa = PBXBuildFile; fileRef = A1A5B1D01875437900AB2E26 /* Model.xcdatamodeld */; };
		A1A5B1DC18754F8800AB2E26 /* DrawingRecord.m in Sources */ = {isa = PBXBuildFile; fileRef = A1A5B1DB18754F8800AB2E26 /* DrawingRecord.m */; };
		A1A5B1DF18754F8900AB2E26 /* Word.m in Sources */ = {isa = PBXBuildFile; fileRef = A1A5B1DE18754F8900AB2E26 /* Word.m */; };
		A1A91283186F0B80006CEE8D /* WordManager.m in Sources */ = {isa = PBXBuildFile; fileRef = A1A91282186F0B80006CEE8D /* WordManager.m */; };
		A1A91286186F13AA006CEE8D /* WordHelper.m in Sources */ = {isa = PBXBuildFile; fileRef = A1A91285186F13AA006CEE8D /* WordHelper.m */; };
		A1FD64F8186B10A70057978D /* WordLib.m in Sources */ = {isa = PBXBuildFile; fileRef = A1FD64F7186B10A70057978D /* WordLib.m */; };
/* End PBXBuildFile section */

/* Begin PBXContainerItemProxy section */
		A1920066186820E000934DC1 /* PBXContainerItemProxy */ = {
			isa = PBXContainerItemProxy;
			containerPortal = A1920038186820E000934DC1 /* Project object */;
			proxyType = 1;
			remoteGlobalIDString = A192003F186820E000934DC1;
			remoteInfo = DrawAnything;
		};
/* End PBXContainerItemProxy section */

/* Begin PBXFileReference section */
		A16B37071877BE2F00A33BB0 /* Word.h */ = {isa = PBXFileReference; fileEncoding = 4; lastKnownFileType = sourcecode.c.h; path = Word.h; sourceTree = "<group>"; };
		A16B37081877BE2F00A33BB0 /* Word.m */ = {isa = PBXFileReference; fileEncoding = 4; lastKnownFileType = sourcecode.c.objc; path = Word.m; sourceTree = "<group>"; };
		A1920040186820E000934DC1 /* DrawAnything.app */ = {isa = PBXFileReference; explicitFileType = wrapper.application; includeInIndex = 0; path = DrawAnything.app; sourceTree = BUILT_PRODUCTS_DIR; };
		A1920043186820E000934DC1 /* Foundation.framework */ = {isa = PBXFileReference; lastKnownFileType = wrapper.framework; name = Foundation.framework; path = System/Library/Frameworks/Foundation.framework; sourceTree = SDKROOT; };
		A1920045186820E000934DC1 /* CoreGraphics.framework */ = {isa = PBXFileReference; lastKnownFileType = wrapper.framework; name = CoreGraphics.framework; path = System/Library/Frameworks/CoreGraphics.framework; sourceTree = SDKROOT; };
		A1920047186820E000934DC1 /* UIKit.framework */ = {isa = PBXFileReference; lastKnownFileType = wrapper.framework; name = UIKit.framework; path = System/Library/Frameworks/UIKit.framework; sourceTree = SDKROOT; };
		A192004B186820E000934DC1 /* DrawAnything-Info.plist */ = {isa = PBXFileReference; lastKnownFileType = text.plist.xml; path = "DrawAnything-Info.plist"; sourceTree = "<group>"; };
		A192004D186820E000934DC1 /* en */ = {isa = PBXFileReference; lastKnownFileType = text.plist.strings; name = en; path = en.lproj/InfoPlist.strings; sourceTree = "<group>"; };
		A192004F186820E000934DC1 /* main.m */ = {isa = PBXFileReference; lastKnownFileType = sourcecode.c.objc; path = main.m; sourceTree = "<group>"; };
		A1920051186820E000934DC1 /* DrawAnything-Prefix.pch */ = {isa = PBXFileReference; lastKnownFileType = sourcecode.c.h; path = "DrawAnything-Prefix.pch"; sourceTree = "<group>"; };
		A1920052186820E000934DC1 /* DATAppDelegate.h */ = {isa = PBXFileReference; lastKnownFileType = sourcecode.c.h; path = DATAppDelegate.h; sourceTree = "<group>"; };
		A1920053186820E000934DC1 /* DATAppDelegate.m */ = {isa = PBXFileReference; lastKnownFileType = sourcecode.c.objc; path = DATAppDelegate.m; sourceTree = "<group>"; };
		A1920056186820E000934DC1 /* Base */ = {isa = PBXFileReference; lastKnownFileType = file.storyboard; name = Base; path = Base.lproj/Main.storyboard; sourceTree = "<group>"; };
		A192005B186820E000934DC1 /* Images.xcassets */ = {isa = PBXFileReference; lastKnownFileType = folder.assetcatalog; path = Images.xcassets; sourceTree = "<group>"; };
		A1920061186820E000934DC1 /* DrawAnythingTests.xctest */ = {isa = PBXFileReference; explicitFileType = wrapper.cfbundle; includeInIndex = 0; path = DrawAnythingTests.xctest; sourceTree = BUILT_PRODUCTS_DIR; };
		A1920062186820E000934DC1 /* XCTest.framework */ = {isa = PBXFileReference; lastKnownFileType = wrapper.framework; name = XCTest.framework; path = Library/Frameworks/XCTest.framework; sourceTree = DEVELOPER_DIR; };
		A192006A186820E000934DC1 /* DrawAnythingTests-Info.plist */ = {isa = PBXFileReference; lastKnownFileType = text.plist.xml; path = "DrawAnythingTests-Info.plist"; sourceTree = "<group>"; };
		A192006C186820E000934DC1 /* en */ = {isa = PBXFileReference; lastKnownFileType = text.plist.strings; name = en; path = en.lproj/InfoPlist.strings; sourceTree = "<group>"; };
		A192006E186820E000934DC1 /* DrawAnythingTests.m */ = {isa = PBXFileReference; lastKnownFileType = sourcecode.c.objc; path = DrawAnythingTests.m; sourceTree = "<group>"; };
		A1920079186972F100934DC1 /* Pen.h */ = {isa = PBXFileReference; fileEncoding = 4; lastKnownFileType = sourcecode.c.h; path = Pen.h; sourceTree = "<group>"; };
		A192007A186972F100934DC1 /* Pen.m */ = {isa = PBXFileReference; fileEncoding = 4; lastKnownFileType = sourcecode.c.objc; path = Pen.m; sourceTree = "<group>"; };
		A192007C186973D500934DC1 /* Eraser.h */ = {isa = PBXFileReference; fileEncoding = 4; lastKnownFileType = sourcecode.c.h; path = Eraser.h; sourceTree = "<group>"; };
		A192007D186973D500934DC1 /* Eraser.m */ = {isa = PBXFileReference; fileEncoding = 4; lastKnownFileType = sourcecode.c.objc; path = Eraser.m; sourceTree = "<group>"; };
		A192007F18697C1900934DC1 /* GalleryViewController.h */ = {isa = PBXFileReference; fileEncoding = 4; lastKnownFileType = sourcecode.c.h; path = GalleryViewController.h; sourceTree = "<group>"; };
		A192008018697C1900934DC1 /* GalleryViewController.m */ = {isa = PBXFileReference; fileEncoding = 4; lastKnownFileType = sourcecode.c.objc; path = GalleryViewController.m; sourceTree = "<group>"; };
		A192008218697C4A00934DC1 /* PlayerViewController.h */ = {isa = PBXFileReference; fileEncoding = 4; lastKnownFileType = sourcecode.c.h; path = PlayerViewController.h; sourceTree = "<group>"; };
		A192008318697C4A00934DC1 /* PlayerViewController.m */ = {isa = PBXFileReference; fileEncoding = 4; lastKnownFileType = sourcecode.c.objc; path = PlayerViewController.m; sourceTree = "<group>"; };
		A192008518697CDF00934DC1 /* DrawingViewController.h */ = {isa = PBXFileReference; fileEncoding = 4; lastKnownFileType = sourcecode.c.h; path = DrawingViewController.h; sourceTree = "<group>"; };
		A192008618697CDF00934DC1 /* DrawingViewController.m */ = {isa = PBXFileReference; fileEncoding = 4; lastKnownFileType = sourcecode.c.objc; path = DrawingViewController.m; sourceTree = "<group>"; };
		A192008818697EAD00934DC1 /* WordsLib.plist */ = {isa = PBXFileReference; fileEncoding = 4; lastKnownFileType = text.plist.xml; path = WordsLib.plist; sourceTree = "<group>"; };
		A192008A18697F6F00934DC1 /* DrawingRecord.h */ = {isa = PBXFileReference; fileEncoding = 4; lastKnownFileType = sourcecode.c.h; path = DrawingRecord.h; sourceTree = "<group>"; };
		A192008B18697F6F00934DC1 /* DrawingRecord.m */ = {isa = PBXFileReference; fileEncoding = 4; lastKnownFileType = sourcecode.c.objc; path = DrawingRecord.m; sourceTree = "<group>"; };
		A1A5B1D11875437900AB2E26 /* Model.xcdatamodel */ = {isa = PBXFileReference; lastKnownFileType = wrapper.xcdatamodel; path = Model.xcdatamodel; sourceTree = "<group>"; };
		A1A5B1DA18754F8800AB2E26 /* DrawingRecord.h */ = {isa = PBXFileReference; fileEncoding = 4; lastKnownFileType = sourcecode.c.h; name = DrawingRecord.h; path = DrawAnything/DrawingRecord.h; sourceTree = "<group>"; };
		A1A5B1DB18754F8800AB2E26 /* DrawingRecord.m */ = {isa = PBXFileReference; fileEncoding = 4; lastKnownFileType = sourcecode.c.objc; name = DrawingRecord.m; path = DrawAnything/DrawingRecord.m; sourceTree = "<group>"; };
		A1A5B1DD18754F8900AB2E26 /* Word.h */ = {isa = PBXFileReference; fileEncoding = 4; lastKnownFileType = sourcecode.c.h; name = Word.h; path = DrawAnything/Word.h; sourceTree = "<group>"; };
		A1A5B1DE18754F8900AB2E26 /* Word.m */ = {isa = PBXFileReference; fileEncoding = 4; lastKnownFileType = sourcecode.c.objc; name = Word.m; path = DrawAnything/Word.m; sourceTree = "<group>"; };
		A1A91281186F0B80006CEE8D /* WordManager.h */ = {isa = PBXFileReference; fileEncoding = 4; lastKnownFileType = sourcecode.c.h; path = WordManager.h; sourceTree = "<group>"; };
		A1A91282186F0B80006CEE8D /* WordManager.m */ = {isa = PBXFileReference; fileEncoding = 4; lastKnownFileType = sourcecode.c.objc; path = WordManager.m; sourceTree = "<group>"; };
		A1A91284186F13AA006CEE8D /* WordHelper.h */ = {isa = PBXFileReference; fileEncoding = 4; lastKnownFileType = sourcecode.c.h; path = WordHelper.h; sourceTree = "<group>"; };
		A1A91285186F13AA006CEE8D /* WordHelper.m */ = {isa = PBXFileReference; fileEncoding = 4; lastKnownFileType = sourcecode.c.objc; path = WordHelper.m; sourceTree = "<group>"; };
		A1FD64F6186B10A70057978D /* WordLib.h */ = {isa = PBXFileReference; fileEncoding = 4; lastKnownFileType = sourcecode.c.h; path = WordLib.h; sourceTree = "<group>"; };
		A1FD64F7186B10A70057978D /* WordLib.m */ = {isa = PBXFileReference; fileEncoding = 4; lastKnownFileType = sourcecode.c.objc; path = WordLib.m; sourceTree = "<group>"; };
/* End PBXFileReference section */

/* Begin PBXFrameworksBuildPhase section */
		A192003D186820E000934DC1 /* Frameworks */ = {
			isa = PBXFrameworksBuildPhase;
			buildActionMask = 2147483647;
			files = (
				A1920046186820E000934DC1 /* CoreGraphics.framework in Frameworks */,
				A1920048186820E000934DC1 /* UIKit.framework in Frameworks */,
				A1920044186820E000934DC1 /* Foundation.framework in Frameworks */,
			);
			runOnlyForDeploymentPostprocessing = 0;
		};
		A192005E186820E000934DC1 /* Frameworks */ = {
			isa = PBXFrameworksBuildPhase;
			buildActionMask = 2147483647;
			files = (
				A1920063186820E000934DC1 /* XCTest.framework in Frameworks */,
				A1920065186820E000934DC1 /* UIKit.framework in Frameworks */,
				A1920064186820E000934DC1 /* Foundation.framework in Frameworks */,
			);
			runOnlyForDeploymentPostprocessing = 0;
		};
/* End PBXFrameworksBuildPhase section */

/* Begin PBXGroup section */
		A1920037186820E000934DC1 = {
			isa = PBXGroup;
			children = (
				A1920049186820E000934DC1 /* DrawAnything */,
				A1A5B1DD18754F8900AB2E26 /* Word.h */,
				A1A5B1DE18754F8900AB2E26 /* Word.m */,
				A1A5B1DA18754F8800AB2E26 /* DrawingRecord.h */,
				A1A5B1DB18754F8800AB2E26 /* DrawingRecord.m */,
				A1920068186820E000934DC1 /* DrawAnythingTests */,
				A1920042186820E000934DC1 /* Frameworks */,
				A1920041186820E000934DC1 /* Products */,
			);
			sourceTree = "<group>";
		};
		A1920041186820E000934DC1 /* Products */ = {
			isa = PBXGroup;
			children = (
				A1920040186820E000934DC1 /* DrawAnything.app */,
				A1920061186820E000934DC1 /* DrawAnythingTests.xctest */,
			);
			name = Products;
			sourceTree = "<group>";
		};
		A1920042186820E000934DC1 /* Frameworks */ = {
			isa = PBXGroup;
			children = (
				A1920043186820E000934DC1 /* Foundation.framework */,
				A1920045186820E000934DC1 /* CoreGraphics.framework */,
				A1920047186820E000934DC1 /* UIKit.framework */,
				A1920062186820E000934DC1 /* XCTest.framework */,
			);
			name = Frameworks;
			sourceTree = "<group>";
		};
		A1920049186820E000934DC1 /* DrawAnything */ = {
			isa = PBXGroup;
			children = (
				A1920052186820E000934DC1 /* DATAppDelegate.h */,
				A1920053186820E000934DC1 /* DATAppDelegate.m */,
				A1A91280186E7D1A006CEE8D /* View Controllers */,
				A19200781868273F00934DC1 /* Model */,
				A192005B186820E000934DC1 /* Images.xcassets */,
				A192008D186981CE00934DC1 /* Extras */,
				A192004A186820E000934DC1 /* Supporting Files */,
			);
			path = DrawAnything;
			sourceTree = "<group>";
		};
		A192004A186820E000934DC1 /* Supporting Files */ = {
			isa = PBXGroup;
			children = (
				A1920055186820E000934DC1 /* Main.storyboard */,
				A192004B186820E000934DC1 /* DrawAnything-Info.plist */,
				A192004C186820E000934DC1 /* InfoPlist.strings */,
				A192004F186820E000934DC1 /* main.m */,
				A1920051186820E000934DC1 /* DrawAnything-Prefix.pch */,
				A192008818697EAD00934DC1 /* WordsLib.plist */,
			);
			name = "Supporting Files";
			sourceTree = "<group>";
		};
		A1920068186820E000934DC1 /* DrawAnythingTests */ = {
			isa = PBXGroup;
			children = (
				A192006E186820E000934DC1 /* DrawAnythingTests.m */,
				A1920069186820E000934DC1 /* Supporting Files */,
			);
			path = DrawAnythingTests;
			sourceTree = "<group>";
		};
		A1920069186820E000934DC1 /* Supporting Files */ = {
			isa = PBXGroup;
			children = (
				A192006A186820E000934DC1 /* DrawAnythingTests-Info.plist */,
				A192006B186820E000934DC1 /* InfoPlist.strings */,
			);
			name = "Supporting Files";
			sourceTree = "<group>";
		};
		A19200781868273F00934DC1 /* Model */ = {
			isa = PBXGroup;
			children = (
				A1920079186972F100934DC1 /* Pen.h */,
				A192007A186972F100934DC1 /* Pen.m */,
				A192007C186973D500934DC1 /* Eraser.h */,
				A192007D186973D500934DC1 /* Eraser.m */,
				A1FD64F6186B10A70057978D /* WordLib.h */,
				A1FD64F7186B10A70057978D /* WordLib.m */,
				A1A91281186F0B80006CEE8D /* WordManager.h */,
				A1A91282186F0B80006CEE8D /* WordManager.m */,
				A1A91284186F13AA006CEE8D /* WordHelper.h */,
				A1A91285186F13AA006CEE8D /* WordHelper.m */,
				A1A5B1D918754E2600AB2E26 /* coreDataModel */,
			);
			name = Model;
			sourceTree = "<group>";
		};
		A192008D186981CE00934DC1 /* Extras */ = {
			isa = PBXGroup;
			children = (
			);
			name = Extras;
			sourceTree = "<group>";
		};
		A1A5B1D918754E2600AB2E26 /* coreDataModel */ = {
			isa = PBXGroup;
			children = (
				A1A5B1D01875437900AB2E26 /* Model.xcdatamodeld */,
				A16B37071877BE2F00A33BB0 /* Word.h */,
				A16B37081877BE2F00A33BB0 /* Word.m */,
				A192008A18697F6F00934DC1 /* DrawingRecord.h */,
				A192008B18697F6F00934DC1 /* DrawingRecord.m */,
			);
			name = coreDataModel;
			sourceTree = "<group>";
		};
		A1A91280186E7D1A006CEE8D /* View Controllers */ = {
			isa = PBXGroup;
			children = (
				A192007F18697C1900934DC1 /* GalleryViewController.h */,
				A192008018697C1900934DC1 /* GalleryViewController.m */,
				A192008218697C4A00934DC1 /* PlayerViewController.h */,
				A192008318697C4A00934DC1 /* PlayerViewController.m */,
				A192008518697CDF00934DC1 /* DrawingViewController.h */,
				A192008618697CDF00934DC1 /* DrawingViewController.m */,
			);
			name = "View Controllers";
			sourceTree = "<group>";
		};
/* End PBXGroup section */

/* Begin PBXNativeTarget section */
		A192003F186820E000934DC1 /* DrawAnything */ = {
			isa = PBXNativeTarget;
			buildConfigurationList = A1920072186820E000934DC1 /* Build configuration list for PBXNativeTarget "DrawAnything" */;
			buildPhases = (
				A192003C186820E000934DC1 /* Sources */,
				A192003D186820E000934DC1 /* Frameworks */,
				A192003E186820E000934DC1 /* Resources */,
			);
			buildRules = (
			);
			dependencies = (
			);
			name = DrawAnything;
			productName = DrawAnything;
			productReference = A1920040186820E000934DC1 /* DrawAnything.app */;
			productType = "com.apple.product-type.application";
		};
		A1920060186820E000934DC1 /* DrawAnythingTests */ = {
			isa = PBXNativeTarget;
			buildConfigurationList = A1920075186820E000934DC1 /* Build configuration list for PBXNativeTarget "DrawAnythingTests" */;
			buildPhases = (
				A192005D186820E000934DC1 /* Sources */,
				A192005E186820E000934DC1 /* Frameworks */,
				A192005F186820E000934DC1 /* Resources */,
			);
			buildRules = (
			);
			dependencies = (
				A1920067186820E000934DC1 /* PBXTargetDependency */,
			);
			name = DrawAnythingTests;
			productName = DrawAnythingTests;
			productReference = A1920061186820E000934DC1 /* DrawAnythingTests.xctest */;
			productType = "com.apple.product-type.bundle.unit-test";
		};
/* End PBXNativeTarget section */

/* Begin PBXProject section */
		A1920038186820E000934DC1 /* Project object */ = {
			isa = PBXProject;
			attributes = {
				CLASSPREFIX = DAT;
				LastUpgradeCheck = 0500;
				ORGANIZATIONNAME = andy;
				TargetAttributes = {
					A1920060186820E000934DC1 = {
						TestTargetID = A192003F186820E000934DC1;
					};
				};
			};
			buildConfigurationList = A192003B186820E000934DC1 /* Build configuration list for PBXProject "DrawAnything" */;
			compatibilityVersion = "Xcode 3.2";
			developmentRegion = English;
			hasScannedForEncodings = 0;
			knownRegions = (
				en,
				Base,
			);
			mainGroup = A1920037186820E000934DC1;
			productRefGroup = A1920041186820E000934DC1 /* Products */;
			projectDirPath = "";
			projectRoot = "";
			targets = (
				A192003F186820E000934DC1 /* DrawAnything */,
				A1920060186820E000934DC1 /* DrawAnythingTests */,
			);
		};
/* End PBXProject section */

/* Begin PBXResourcesBuildPhase section */
		A192003E186820E000934DC1 /* Resources */ = {
			isa = PBXResourcesBuildPhase;
			buildActionMask = 2147483647;
			files = (
				A192005C186820E000934DC1 /* Images.xcassets in Resources */,
				A192004E186820E000934DC1 /* InfoPlist.strings in Resources */,
				A192008918697EAD00934DC1 /* WordsLib.plist in Resources */,
				A1920057186820E000934DC1 /* Main.storyboard in Resources */,
			);
			runOnlyForDeploymentPostprocessing = 0;
		};
		A192005F186820E000934DC1 /* Resources */ = {
			isa = PBXResourcesBuildPhase;
			buildActionMask = 2147483647;
			files = (
				A192006D186820E000934DC1 /* InfoPlist.strings in Resources */,
			);
			runOnlyForDeploymentPostprocessing = 0;
		};
/* End PBXResourcesBuildPhase section */

/* Begin PBXSourcesBuildPhase section */
		A192003C186820E000934DC1 /* Sources */ = {
			isa = PBXSourcesBuildPhase;
			buildActionMask = 2147483647;
			files = (
				A1920054186820E000934DC1 /* DATAppDelegate.m in Sources */,
				A192008C18697F6F00934DC1 /* DrawingRecord.m in Sources */,
				A1A5B1D21875437900AB2E26 /* Model.xcdatamodeld in Sources */,
				A192008718697CDF00934DC1 /* DrawingViewController.m in Sources */,
				A192008418697C4A00934DC1 /* PlayerViewController.m in Sources */,
				A16B37091877BE2F00A33BB0 /* Word.m in Sources */,
				A1A5B1DC18754F8800AB2E26 /* DrawingRecord.m in Sources */,
				A1FD64F8186B10A70057978D /* WordLib.m in Sources */,
				A1920050186820E000934DC1 /* main.m in Sources */,
				A192007E186973D500934DC1 /* Eraser.m in Sources */,
				A1A91286186F13AA006CEE8D /* WordHelper.m in Sources */,
				A1A91283186F0B80006CEE8D /* WordManager.m in Sources */,
				A1A5B1DF18754F8900AB2E26 /* Word.m in Sources */,
				A192007B186972F100934DC1 /* Pen.m in Sources */,
				A192008118697C1900934DC1 /* GalleryViewController.m in Sources */,
			);
			runOnlyForDeploymentPostprocessing = 0;
		};
		A192005D186820E000934DC1 /* Sources */ = {
			isa = PBXSourcesBuildPhase;
			buildActionMask = 2147483647;
			files = (
				A192006F186820E000934DC1 /* DrawAnythingTests.m in Sources */,
			);
			runOnlyForDeploymentPostprocessing = 0;
		};
/* End PBXSourcesBuildPhase section */

/* Begin PBXTargetDependency section */
		A1920067186820E000934DC1 /* PBXTargetDependency */ = {
			isa = PBXTargetDependency;
			target = A192003F186820E000934DC1 /* DrawAnything */;
			targetProxy = A1920066186820E000934DC1 /* PBXContainerItemProxy */;
		};
/* End PBXTargetDependency section */

/* Begin PBXVariantGroup section */
		A192004C186820E000934DC1 /* InfoPlist.strings */ = {
			isa = PBXVariantGroup;
			children = (
				A192004D186820E000934DC1 /* en */,
			);
			name = InfoPlist.strings;
			sourceTree = "<group>";
		};
		A1920055186820E000934DC1 /* Main.storyboard */ = {
			isa = PBXVariantGroup;
			children = (
				A1920056186820E000934DC1 /* Base */,
			);
			name = Main.storyboard;
			sourceTree = "<group>";
		};
		A192006B186820E000934DC1 /* InfoPlist.strings */ = {
			isa = PBXVariantGroup;
			children = (
				A192006C186820E000934DC1 /* en */,
			);
			name = InfoPlist.strings;
			sourceTree = "<group>";
		};
/* End PBXVariantGroup section */

/* Begin XCBuildConfiguration section */
		A1920070186820E000934DC1 /* Debug */ = {
			isa = XCBuildConfiguration;
			buildSettings = {
				ALWAYS_SEARCH_USER_PATHS = NO;
				ARCHS = "$(ARCHS_STANDARD_INCLUDING_64_BIT)";
				CLANG_CXX_LANGUAGE_STANDARD = "gnu++0x";
				CLANG_CXX_LIBRARY = "libc++";
				CLANG_ENABLE_MODULES = YES;
				CLANG_ENABLE_OBJC_ARC = YES;
				CLANG_WARN_BOOL_CONVERSION = YES;
				CLANG_WARN_CONSTANT_CONVERSION = YES;
				CLANG_WARN_DIRECT_OBJC_ISA_USAGE = YES_ERROR;
				CLANG_WARN_EMPTY_BODY = YES;
				CLANG_WARN_ENUM_CONVERSION = YES;
				CLANG_WARN_INT_CONVERSION = YES;
				CLANG_WARN_OBJC_ROOT_CLASS = YES_ERROR;
				CLANG_WARN__DUPLICATE_METHOD_MATCH = YES;
				"CODE_SIGN_IDENTITY[sdk=iphoneos*]" = "iPhone Developer";
				COPY_PHASE_STRIP = NO;
				GCC_C_LANGUAGE_STANDARD = gnu99;
				GCC_DYNAMIC_NO_PIC = NO;
				GCC_OPTIMIZATION_LEVEL = 0;
				GCC_PREPROCESSOR_DEFINITIONS = (
					"DEBUG=1",
					"$(inherited)",
				);
				GCC_SYMBOLS_PRIVATE_EXTERN = NO;
				GCC_WARN_64_TO_32_BIT_CONVERSION = YES;
				GCC_WARN_ABOUT_RETURN_TYPE = YES_ERROR;
				GCC_WARN_UNDECLARED_SELECTOR = YES;
				GCC_WARN_UNINITIALIZED_AUTOS = YES;
				GCC_WARN_UNUSED_FUNCTION = YES;
				GCC_WARN_UNUSED_VARIABLE = YES;
				IPHONEOS_DEPLOYMENT_TARGET = 7.0;
				ONLY_ACTIVE_ARCH = YES;
				SDKROOT = iphoneos;
			};
			name = Debug;
		};
		A1920071186820E000934DC1 /* Release */ = {
			isa = XCBuildConfiguration;
			buildSettings = {
				ALWAYS_SEARCH_USER_PATHS = NO;
				ARCHS = "$(ARCHS_STANDARD_INCLUDING_64_BIT)";
				CLANG_CXX_LANGUAGE_STANDARD = "gnu++0x";
				CLANG_CXX_LIBRARY = "libc++";
				CLANG_ENABLE_MODULES = YES;
				CLANG_ENABLE_OBJC_ARC = YES;
				CLANG_WARN_BOOL_CONVERSION = YES;
				CLANG_WARN_CONSTANT_CONVERSION = YES;
				CLANG_WARN_DIRECT_OBJC_ISA_USAGE = YES_ERROR;
				CLANG_WARN_EMPTY_BODY = YES;
				CLANG_WARN_ENUM_CONVERSION = YES;
				CLANG_WARN_INT_CONVERSION = YES;
				CLANG_WARN_OBJC_ROOT_CLASS = YES_ERROR;
				CLANG_WARN__DUPLICATE_METHOD_MATCH = YES;
				"CODE_SIGN_IDENTITY[sdk=iphoneos*]" = "iPhone Developer";
				COPY_PHASE_STRIP = YES;
				ENABLE_NS_ASSERTIONS = NO;
				GCC_C_LANGUAGE_STANDARD = gnu99;
				GCC_WARN_64_TO_32_BIT_CONVERSION = YES;
				GCC_WARN_ABOUT_RETURN_TYPE = YES_ERROR;
				GCC_WARN_UNDECLARED_SELECTOR = YES;
				GCC_WARN_UNINITIALIZED_AUTOS = YES;
				GCC_WARN_UNUSED_FUNCTION = YES;
				GCC_WARN_UNUSED_VARIABLE = YES;
				IPHONEOS_DEPLOYMENT_TARGET = 7.0;
				SDKROOT = iphoneos;
				VALIDATE_PRODUCT = YES;
			};
			name = Release;
		};
		A1920073186820E000934DC1 /* Debug */ = {
			isa = XCBuildConfiguration;
			buildSettings = {
				ASSETCATALOG_COMPILER_APPICON_NAME = AppIcon;
				ASSETCATALOG_COMPILER_LAUNCHIMAGE_NAME = LaunchImage;
				GCC_PRECOMPILE_PREFIX_HEADER = YES;
				GCC_PREFIX_HEADER = "DrawAnything/DrawAnything-Prefix.pch";
				INFOPLIST_FILE = "DrawAnything/DrawAnything-Info.plist";
				PRODUCT_NAME = "$(TARGET_NAME)";
				WRAPPER_EXTENSION = app;
			};
			name = Debug;
		};
		A1920074186820E000934DC1 /* Release */ = {
			isa = XCBuildConfiguration;
			buildSettings = {
				ASSETCATALOG_COMPILER_APPICON_NAME = AppIcon;
				ASSETCATALOG_COMPILER_LAUNCHIMAGE_NAME = LaunchImage;
				GCC_PRECOMPILE_PREFIX_HEADER = YES;
				GCC_PREFIX_HEADER = "DrawAnything/DrawAnything-Prefix.pch";
				INFOPLIST_FILE = "DrawAnything/DrawAnything-Info.plist";
				PRODUCT_NAME = "$(TARGET_NAME)";
				WRAPPER_EXTENSION = app;
			};
			name = Release;
		};
		A1920076186820E000934DC1 /* Debug */ = {
			isa = XCBuildConfiguration;
			buildSettings = {
				ARCHS = "$(ARCHS_STANDARD_INCLUDING_64_BIT)";
				BUNDLE_LOADER = "$(BUILT_PRODUCTS_DIR)/DrawAnything.app/DrawAnything";
				FRAMEWORK_SEARCH_PATHS = (
					"$(SDKROOT)/Developer/Library/Frameworks",
					"$(inherited)",
					"$(DEVELOPER_FRAMEWORKS_DIR)",
				);
				GCC_PRECOMPILE_PREFIX_HEADER = YES;
				GCC_PREFIX_HEADER = "DrawAnything/DrawAnything-Prefix.pch";
				GCC_PREPROCESSOR_DEFINITIONS = (
					"DEBUG=1",
					"$(inherited)",
				);
				INFOPLIST_FILE = "DrawAnythingTests/DrawAnythingTests-Info.plist";
				PRODUCT_NAME = "$(TARGET_NAME)";
				TEST_HOST = "$(BUNDLE_LOADER)";
				WRAPPER_EXTENSION = xctest;
			};
			name = Debug;
		};
		A1920077186820E000934DC1 /* Release */ = {
			isa = XCBuildConfiguration;
			buildSettings = {
				ARCHS = "$(ARCHS_STANDARD_INCLUDING_64_BIT)";
				BUNDLE_LOADER = "$(BUILT_PRODUCTS_DIR)/DrawAnything.app/DrawAnything";
				FRAMEWORK_SEARCH_PATHS = (
					"$(SDKROOT)/Developer/Library/Frameworks",
					"$(inherited)",
					"$(DEVELOPER_FRAMEWORKS_DIR)",
				);
				GCC_PRECOMPILE_PREFIX_HEADER = YES;
				GCC_PREFIX_HEADER = "DrawAnything/DrawAnything-Prefix.pch";
				INFOPLIST_FILE = "DrawAnythingTests/DrawAnythingTests-Info.plist";
				PRODUCT_NAME = "$(TARGET_NAME)";
				TEST_HOST = "$(BUNDLE_LOADER)";
				WRAPPER_EXTENSION = xctest;
			};
			name = Release;
		};
/* End XCBuildConfiguration section */

/* Begin XCConfigurationList section */
		A192003B186820E000934DC1 /* Build configuration list for PBXProject "DrawAnything" */ = {
			isa = XCConfigurationList;
			buildConfigurations = (
				A1920070186820E000934DC1 /* Debug */,
				A1920071186820E000934DC1 /* Release */,
			);
			defaultConfigurationIsVisible = 0;
			defaultConfigurationName = Release;
		};
		A1920072186820E000934DC1 /* Build configuration list for PBXNativeTarget "DrawAnything" */ = {
			isa = XCConfigurationList;
			buildConfigurations = (
				A1920073186820E000934DC1 /* Debug */,
				A1920074186820E000934DC1 /* Release */,
			);
			defaultConfigurationIsVisible = 0;
			defaultConfigurationName = Release;
		};
		A1920075186820E000934DC1 /* Build configuration list for PBXNativeTarget "DrawAnythingTests" */ = {
			isa = XCConfigurationList;
			buildConfigurations = (
				A1920076186820E000934DC1 /* Debug */,
				A1920077186820E000934DC1 /* Release */,
			);
			defaultConfigurationIsVisible = 0;
			defaultConfigurationName = Release;
		};
/* End XCConfigurationList section */

/* Begin XCVersionGroup section */
		A1A5B1D01875437900AB2E26 /* Model.xcdatamodeld */ = {
			isa = XCVersionGroup;
			children = (
				A1A5B1D11875437900AB2E26 /* Model.xcdatamodel */,
			);
			currentVersion = A1A5B1D11875437900AB2E26 /* Model.xcdatamodel */;
			path = Model.xcdatamodeld;
			sourceTree = "<group>";
			versionGroupType = wrapper.xcdatamodel;
		};
/* End XCVersionGroup section */
	};
	rootObject = A1920038186820E000934DC1 /* Project object */;
}
